
Microsoft Visual Studio Solution File, Format Version 12.00
# Visual Studio Version 16
VisualStudioVersion = 16.0.29709.97
MinimumVisualStudioVersion = 10.0.40219.1
Project("{FAE04EC0-301F-11D3-BF4B-00C04F79EFBC}") = "ValenciaCollege", "ValenciaCollege.csproj", "{B533B6F5-61DF-4206-92A4-AB4CFFA95024}"
EndProject
Global
	GlobalSection(SolutionConfigurationPlatforms) = preSolution
		Debug|Any CPU = Debug|Any CPU
		Release|Any CPU = Release|Any CPU
	EndGlobalSection
	GlobalSection(ProjectConfigurationPlatforms) = postSolution
		{B533B6F5-61DF-4206-92A4-AB4CFFA95024}.Debug|Any CPU.ActiveCfg = Debug|Any CPU
		{B533B6F5-61DF-4206-92A4-AB4CFFA95024}.Debug|Any CPU.Build.0 = Debug|Any CPU
		{B533B6F5-61DF-4206-92A4-AB4CFFA95024}.Release|Any CPU.ActiveCfg = Release|Any CPU
		{B533B6F5-61DF-4206-92A4-AB4CFFA95024}.Release|Any CPU.Build.0 = Release|Any CPU
	EndGlobalSection
	GlobalSection(SolutionProperties) = preSolution
		HideSolutionNode = FALSE
	EndGlobalSection
	GlobalSection(ExtensibilityGlobals) = postSolution
		SolutionGuid = {76BF776E-8970-4CDE-8147-A300E73D46C5}
	EndGlobalSection
EndGlobal
